
Microsoft Visual Studio Solution File, Format Version 12.00
# Visual Studio Version 17
VisualStudioVersion = 17.4.33213.308
MinimumVisualStudioVersion = 10.0.40219.1
Project("{FAE04EC0-301F-11D3-BF4B-00C04F79EFBC}") = "MagicVilla_Web", "..\Users\chander.mohan_oncehu\source\repos\MagicVilla_Web\MagicVilla_Web.csproj", "{A01E888A-57E6-4704-8BD5-840D11530AE8}"
EndProject
Project("{FAE04EC0-301F-11D3-BF4B-00C04F79EFBC}") = "MagicVilla_Utility", "..\Users\chander.mohan_oncehu\source\repos\MagicVilla_Utility\MagicVilla_Utility.csproj", "{51AA82CF-61F8-46CA-95B0-4329B78BC5B9}"
EndProject
Project("{FAE04EC0-301F-11D3-BF4B-00C04F79EFBC}") = "MagicVilla", "..\Users\chander.mohan_oncehu\source\repos\MagicVilla\MagicVilla.csproj", "{203BF6B1-1E14-4D73-9734-3E6CAB8171F8}"
EndProject
Global
	GlobalSection(SolutionConfigurationPlatforms) = preSolution
		Debug|Any CPU = Debug|Any CPU
		Release|Any CPU = Release|Any CPU
	EndGlobalSection
	GlobalSection(ProjectConfigurationPlatforms) = postSolution
		{A01E888A-57E6-4704-8BD5-840D11530AE8}.Debug|Any CPU.ActiveCfg = Debug|Any CPU
		{A01E888A-57E6-4704-8BD5-840D11530AE8}.Debug|Any CPU.Build.0 = Debug|Any CPU
		{A01E888A-57E6-4704-8BD5-840D11530AE8}.Release|Any CPU.ActiveCfg = Release|Any CPU
		{A01E888A-57E6-4704-8BD5-840D11530AE8}.Release|Any CPU.Build.0 = Release|Any CPU
		{51AA82CF-61F8-46CA-95B0-4329B78BC5B9}.Debug|Any CPU.ActiveCfg = Debug|Any CPU
		{51AA82CF-61F8-46CA-95B0-4329B78BC5B9}.Debug|Any CPU.Build.0 = Debug|Any CPU
		{51AA82CF-61F8-46CA-95B0-4329B78BC5B9}.Release|Any CPU.ActiveCfg = Release|Any CPU
		{51AA82CF-61F8-46CA-95B0-4329B78BC5B9}.Release|Any CPU.Build.0 = Release|Any CPU
		{203BF6B1-1E14-4D73-9734-3E6CAB8171F8}.Debug|Any CPU.ActiveCfg = Debug|Any CPU
		{203BF6B1-1E14-4D73-9734-3E6CAB8171F8}.Debug|Any CPU.Build.0 = Debug|Any CPU
		{203BF6B1-1E14-4D73-9734-3E6CAB8171F8}.Release|Any CPU.ActiveCfg = Release|Any CPU
		{203BF6B1-1E14-4D73-9734-3E6CAB8171F8}.Release|Any CPU.Build.0 = Release|Any CPU
	EndGlobalSection
	GlobalSection(SolutionProperties) = preSolution
		HideSolutionNode = FALSE
	EndGlobalSection
	GlobalSection(ExtensibilityGlobals) = postSolution
		SolutionGuid = {A6371729-A448-4515-8C69-FE31B72E08BC}
	EndGlobalSection
EndGlobal
